
Microsoft Visual Studio Solution File, Format Version 12.00
# Visual Studio Version 16
VisualStudioVersion = 16.0.32901.82
MinimumVisualStudioVersion = 10.0.40219.1
Project("{FAE04EC0-301F-11D3-BF4B-00C04F79EFBC}") = "WF_teste", "WF_teste\WF_teste.csproj", "{7D9483F3-0912-4CFD-9AB0-C2DEDEE68430}"
EndProject
Global
	GlobalSection(SolutionConfigurationPlatforms) = preSolution
		Debug|Any CPU = Debug|Any CPU
		Release|Any CPU = Release|Any CPU
	EndGlobalSection
	GlobalSection(ProjectConfigurationPlatforms) = postSolution
		{7D9483F3-0912-4CFD-9AB0-C2DEDEE68430}.Debug|Any CPU.ActiveCfg = Debug|Any CPU
		{7D9483F3-0912-4CFD-9AB0-C2DEDEE68430}.Debug|Any CPU.Build.0 = Debug|Any CPU
		{7D9483F3-0912-4CFD-9AB0-C2DEDEE68430}.Release|Any CPU.ActiveCfg = Release|Any CPU
		{7D9483F3-0912-4CFD-9AB0-C2DEDEE68430}.Release|Any CPU.Build.0 = Release|Any CPU
	EndGlobalSection
	GlobalSection(SolutionProperties) = preSolution
		HideSolutionNode = FALSE
	EndGlobalSection
	GlobalSection(ExtensibilityGlobals) = postSolution
		SolutionGuid = {64A0FD2F-8AF1-4188-AC91-B76EFC697129}
	EndGlobalSection
EndGlobal
